
Microsoft Visual Studio Solution File, Format Version 12.00
# Visual Studio Version 17
VisualStudioVersion = 17.9.34714.143
MinimumVisualStudioVersion = 10.0.40219.1
Project("{F184B08F-C81C-45F6-A57F-5ABD9991F28F}") = "FileIO", "FileIO\FileIO.vbproj", "{23293395-DBD5-4FF5-BE13-192AA787E8A7}"
EndProject
Global
	GlobalSection(SolutionConfigurationPlatforms) = preSolution
		Debug|Any CPU = Debug|Any CPU
		Release|Any CPU = Release|Any CPU
	EndGlobalSection
	GlobalSection(ProjectConfigurationPlatforms) = postSolution
		{23293395-DBD5-4FF5-BE13-192AA787E8A7}.Debug|Any CPU.ActiveCfg = Debug|Any CPU
		{23293395-DBD5-4FF5-BE13-192AA787E8A7}.Debug|Any CPU.Build.0 = Debug|Any CPU
		{23293395-DBD5-4FF5-BE13-192AA787E8A7}.Release|Any CPU.ActiveCfg = Release|Any CPU
		{23293395-DBD5-4FF5-BE13-192AA787E8A7}.Release|Any CPU.Build.0 = Release|Any CPU
	EndGlobalSection
	GlobalSection(SolutionProperties) = preSolution
		HideSolutionNode = FALSE
	EndGlobalSection
	GlobalSection(ExtensibilityGlobals) = postSolution
		SolutionGuid = {1A659E41-E7AD-4618-A05D-2476D88F5216}
	EndGlobalSection
EndGlobal
